
Microsoft Visual Studio Solution File, Format Version 12.00
Project("{FAE04EC0-301F-11D3-BF4B-00C04F79EFBC}") = "Schoodule.Functions", "Schoodule.Functions\Schoodule.Functions.csproj", "{369D45A5-812F-4FD3-9D8D-DDC4FD3F142F}"
EndProject
Global
	GlobalSection(SolutionConfigurationPlatforms) = preSolution
		Debug|Any CPU = Debug|Any CPU
		Release|Any CPU = Release|Any CPU
	EndGlobalSection
	GlobalSection(ProjectConfigurationPlatforms) = postSolution
		{369D45A5-812F-4FD3-9D8D-DDC4FD3F142F}.Debug|Any CPU.ActiveCfg = Debug|Any CPU
		{369D45A5-812F-4FD3-9D8D-DDC4FD3F142F}.Debug|Any CPU.Build.0 = Debug|Any CPU
		{369D45A5-812F-4FD3-9D8D-DDC4FD3F142F}.Release|Any CPU.ActiveCfg = Release|Any CPU
		{369D45A5-812F-4FD3-9D8D-DDC4FD3F142F}.Release|Any CPU.Build.0 = Release|Any CPU
	EndGlobalSection
EndGlobal
